// !$*UTF8*$!
{
	archiveVersion = 1;
	classes = {
	};
	objectVersion = 55;
	objects = {

/* Begin PBXBuildFile section */
		6B9791492798DEB900018520 /* bullet.png in Resources */ = {isa = PBXBuildFile; fileRef = 6B9791102798DEB900018520 /* bullet.png */; };
		6B97914A2798DEB900018520 /* plane3.png in Resources */ = {isa = PBXBuildFile; fileRef = 6B9791112798DEB900018520 /* plane3.png */; };
		6B97914B2798DEB900018520 /* plane2.png in Resources */ = {isa = PBXBuildFile; fileRef = 6B9791122798DEB900018520 /* plane2.png */; };
		6B97914C2798DEB900018520 /* plane1.png in Resources */ = {isa = PBXBuildFile; fileRef = 6B9791132798DEB900018520 /* plane1.png */; };
		6B97914D2798DEB900018520 /* backButton.png in Resources */ = {isa = PBXBuildFile; fileRef = 6B9791142798DEB900018520 /* backButton.png */; };
		6B97914E2798DEB900018520 /* plane.png in Resources */ = {isa = PBXBuildFile; fileRef = 6B9791152798DEB900018520 /* plane.png */; };
		6B97914F2798DEB900018520 /* island.png in Resources */ = {isa = PBXBuildFile; fileRef = 6B9791162798DEB900018520 /* island.png */; };
		6B9791502798DEB900018520 /* planeflash2.png in Resources */ = {isa = PBXBuildFile; fileRef = 6B9791172798DEB900018520 /* planeflash2.png */; };
		6B9791512798DEB900018520 /* clickMeButton.png in Resources */ = {isa = PBXBuildFile; fileRef = 6B9791182798DEB900018520 /* clickMeButton.png */; };
		6B9791522798DEB900018520 /* planeflash1.png in Resources */ = {isa = PBXBuildFile; fileRef = 6B9791192798DEB900018520 /* planeflash1.png */; };
		6B9791532798DEB900018520 /* ocean.png in Resources */ = {isa = PBXBuildFile; fileRef = 6B97911A2798DEB900018520 /* ocean.png */; };
		6B9791542798DEB900018520 /* coin08.png in Resources */ = {isa = PBXBuildFile; fileRef = 6B97911B2798DEB900018520 /* coin08.png */; };
		6B9791552798DEB900018520 /* coin09.png in Resources */ = {isa = PBXBuildFile; fileRef = 6B97911C2798DEB900018520 /* coin09.png */; };
		6B9791562798DEB900018520 /* restartButton.png in Resources */ = {isa = PBXBuildFile; fileRef = 6B97911D2798DEB900018520 /* restartButton.png */; };
		6B9791572798DEB900018520 /* coin10.png in Resources */ = {isa = PBXBuildFile; fileRef = 6B97911E2798DEB900018520 /* coin10.png */; };
		6B9791582798DEB900018520 /* coin04.png in Resources */ = {isa = PBXBuildFile; fileRef = 6B97911F2798DEB900018520 /* coin04.png */; };
		6B9791592798DEB900018520 /* smallexplosion4.png in Resources */ = {isa = PBXBuildFile; fileRef = 6B9791202798DEB900018520 /* smallexplosion4.png */; };
		6B97915A2798DEB900018520 /* smallexplosion5.png in Resources */ = {isa = PBXBuildFile; fileRef = 6B9791212798DEB900018520 /* smallexplosion5.png */; };
		6B97915B2798DEB900018520 /* coin05.png in Resources */ = {isa = PBXBuildFile; fileRef = 6B9791222798DEB900018520 /* coin05.png */; };
		6B97915C2798DEB900018520 /* coin07.png in Resources */ = {isa = PBXBuildFile; fileRef = 6B9791232798DEB900018520 /* coin07.png */; };
		6B97915D2798DEB900018520 /* smallexplosion6.png in Resources */ = {isa = PBXBuildFile; fileRef = 6B9791242798DEB900018520 /* smallexplosion6.png */; };
		6B97915E2798DEB900018520 /* coin06.png in Resources */ = {isa = PBXBuildFile; fileRef = 6B9791252798DEB900018520 /* coin06.png */; };
		6B97915F2798DEB900018520 /* cloud.png in Resources */ = {isa = PBXBuildFile; fileRef = 6B9791262798DEB900018520 /* cloud.png */; };
		6B9791602798DEB900018520 /* coin02.png in Resources */ = {isa = PBXBuildFile; fileRef = 6B9791272798DEB900018520 /* coin02.png */; };
		6B9791612798DEB900018520 /* smallexplosion2.png in Resources */ = {isa = PBXBuildFile; fileRef = 6B9791282798DEB900018520 /* smallexplosion2.png */; };
		6B9791622798DEB900018520 /* smallexplosion3.png in Resources */ = {isa = PBXBuildFile; fileRef = 6B9791292798DEB900018520 /* smallexplosion3.png */; };
		6B9791632798DEB900018520 /* coin03.png in Resources */ = {isa = PBXBuildFile; fileRef = 6B97912A2798DEB900018520 /* coin03.png */; };
		6B9791642798DEB900018520 /* coin01.png in Resources */ = {isa = PBXBuildFile; fileRef = 6B97912B2798DEB900018520 /* coin01.png */; };
		6B9791652798DEB900018520 /* smallexplosion1.png in Resources */ = {isa = PBXBuildFile; fileRef = 6B97912C2798DEB900018520 /* smallexplosion1.png */; };
		6B9791662798DEB900018520 /* nextButton.png in Resources */ = {isa = PBXBuildFile; fileRef = 6B97912D2798DEB900018520 /* nextButton.png */; };
		6B9791672798DEB900018520 /* explosion1.png in Resources */ = {isa = PBXBuildFile; fileRef = 6B97912E2798DEB900018520 /* explosion1.png */; };
		6B9791682798DEB900018520 /* enemy1.png in Resources */ = {isa = PBXBuildFile; fileRef = 6B97912F2798DEB900018520 /* enemy1.png */; };
		6B9791692798DEB900018520 /* explosion2.png in Resources */ = {isa = PBXBuildFile; fileRef = 6B9791302798DEB900018520 /* explosion2.png */; };
		6B97916A2798DEB900018520 /* enemy3.png in Resources */ = {isa = PBXBuildFile; fileRef = 6B9791312798DEB900018520 /* enemy3.png */; };
		6B97916B2798DEB900018520 /* enemy2.png in Resources */ = {isa = PBXBuildFile; fileRef = 6B9791322798DEB900018520 /* enemy2.png */; };
		6B97916C2798DEB900018520 /* explosion3.png in Resources */ = {isa = PBXBuildFile; fileRef = 6B9791332798DEB900018520 /* explosion3.png */; };
		6B97916D2798DEB900018520 /* explosion7.png in Resources */ = {isa = PBXBuildFile; fileRef = 6B9791342798DEB900018520 /* explosion7.png */; };
		6B97916E2798DEB900018520 /* startButton.png in Resources */ = {isa = PBXBuildFile; fileRef = 6B9791352798DEB900018520 /* startButton.png */; };
		6B97916F2798DEB900018520 /* explosion6.png in Resources */ = {isa = PBXBuildFile; fileRef = 6B9791362798DEB900018520 /* explosion6.png */; };
		6B9791702798DEB900018520 /* explosion4.png in Resources */ = {isa = PBXBuildFile; fileRef = 6B9791372798DEB900018520 /* explosion4.png */; };
		6B9791712798DEB900018520 /* explosion5.png in Resources */ = {isa = PBXBuildFile; fileRef = 6B9791382798DEB900018520 /* explosion5.png */; };
		6B9791722798DEB900018520 /* life.wav in Resources */ = {isa = PBXBuildFile; fileRef = 6B97913A2798DEB900018520 /* life.wav */; };
		6B9791732798DEB900018520 /* explosion.mp3 in Resources */ = {isa = PBXBuildFile; fileRef = 6B97913B2798DEB900018520 /* explosion.mp3 */; };
		6B9791742798DEB900018520 /* thunder.ogg in Resources */ = {isa = PBXBuildFile; fileRef = 6B97913C2798DEB900018520 /* thunder.ogg */; };
		6B9791752798DEB900018520 /* yay.ogg in Resources */ = {isa = PBXBuildFile; fileRef = 6B97913D2798DEB900018520 /* yay.ogg */; };
		6B9791762798DEB900018520 /* engine.ogg in Resources */ = {isa = PBXBuildFile; fileRef = 6B97913E2798DEB900018520 /* engine.ogg */; };
		6B9791772798DEB900018520 /* coin.wav in Resources */ = {isa = PBXBuildFile; fileRef = 6B97913F2798DEB900018520 /* coin.wav */; };
		6B9791782798DEB900018520 /* bullet.mp3 in Resources */ = {isa = PBXBuildFile; fileRef = 6B9791402798DEB900018520 /* bullet.mp3 */; };
		6B9791792798DEB900018520 /* textureAtlas.png in Resources */ = {isa = PBXBuildFile; fileRef = 6B9791422798DEB900018520 /* textureAtlas.png */; };
		6B97917A2798DEB900018520 /* textureAtlas.json in Resources */ = {isa = PBXBuildFile; fileRef = 6B9791432798DEB900018520 /* textureAtlas.json */; };
		6B97917B2798DEB900018520 /* MailPilotDemoProject.tps in Resources */ = {isa = PBXBuildFile; fileRef = 6B9791442798DEB900018520 /* MailPilotDemoProject.tps */; };
		6B97917C2798DEB900018520 /* dock51.woff in Resources */ = {isa = PBXBuildFile; fileRef = 6B9791462798DEB900018520 /* dock51.woff */; };
		6B97917D2798DEB900018520 /* dock51.woff2 in Resources */ = {isa = PBXBuildFile; fileRef = 6B9791472798DEB900018520 /* dock51.woff2 */; };
		6B97917E2798DEB900018520 /* Dock51.ttf in Resources */ = {isa = PBXBuildFile; fileRef = 6B9791482798DEB900018520 /* Dock51.ttf */; };
		6B9791842798E1FE00018520 /* GameObject.swift in Sources */ = {isa = PBXBuildFile; fileRef = 6B9791832798E1FE00018520 /* GameObject.swift */; };
		6B9791862798E72F00018520 /* GameProtocol.swift in Sources */ = {isa = PBXBuildFile; fileRef = 6B9791852798E72F00018520 /* GameProtocol.swift */; };
		6B9791892798EBFE00018520 /* Ocean.swift in Sources */ = {isa = PBXBuildFile; fileRef = 6B9791882798EBFE00018520 /* Ocean.swift */; };
		6B97918B2798F25700018520 /* Plane.swift in Sources */ = {isa = PBXBuildFile; fileRef = 6B97918A2798F25700018520 /* Plane.swift */; };
		6BB7BDAE27A2163600EF7F01 /* Island.swift in Sources */ = {isa = PBXBuildFile; fileRef = 6BB7BDAD27A2163600EF7F01 /* Island.swift */; };
		6BB7BDB027A21F5A00EF7F01 /* Cloud.swift in Sources */ = {isa = PBXBuildFile; fileRef = 6BB7BDAF27A21F5A00EF7F01 /* Cloud.swift */; };
		6BDED377278FAAD600E525AC /* AppDelegate.swift in Sources */ = {isa = PBXBuildFile; fileRef = 6BDED376278FAAD600E525AC /* AppDelegate.swift */; };
		6BDED379278FAAD700E525AC /* GameScene.sks in Resources */ = {isa = PBXBuildFile; fileRef = 6BDED378278FAAD700E525AC /* GameScene.sks */; };
		6BDED37B278FAAD700E525AC /* Actions.sks in Resources */ = {isa = PBXBuildFile; fileRef = 6BDED37A278FAAD700E525AC /* Actions.sks */; };
		6BDED37D278FAAD700E525AC /* GameScene.swift in Sources */ = {isa = PBXBuildFile; fileRef = 6BDED37C278FAAD700E525AC /* GameScene.swift */; };
		6BDED37F278FAAD700E525AC /* GameViewController.swift in Sources */ = {isa = PBXBuildFile; fileRef = 6BDED37E278FAAD700E525AC /* GameViewController.swift */; };
		6BDED382278FAAD700E525AC /* Main.storyboard in Resources */ = {isa = PBXBuildFile; fileRef = 6BDED380278FAAD700E525AC /* Main.storyboard */; };
		6BDED384278FAAD900E525AC /* Assets.xcassets in Resources */ = {isa = PBXBuildFile; fileRef = 6BDED383278FAAD900E525AC /* Assets.xcassets */; };
		6BDED387278FAAD900E525AC /* LaunchScreen.storyboard in Resources */ = {isa = PBXBuildFile; fileRef = 6BDED385278FAAD900E525AC /* LaunchScreen.storyboard */; };
/* End PBXBuildFile section */

/* Begin PBXFileReference section */
		6B9791102798DEB900018520 /* bullet.png */ = {isa = PBXFileReference; lastKnownFileType = image.png; path = bullet.png; sourceTree = "<group>"; };
		6B9791112798DEB900018520 /* plane3.png */ = {isa = PBXFileReference; lastKnownFileType = image.png; path = plane3.png; sourceTree = "<group>"; };
		6B9791122798DEB900018520 /* plane2.png */ = {isa = PBXFileReference; lastKnownFileType = image.png; path = plane2.png; sourceTree = "<group>"; };
		6B9791132798DEB900018520 /* plane1.png */ = {isa = PBXFileReference; lastKnownFileType = image.png; path = plane1.png; sourceTree = "<group>"; };
		6B9791142798DEB900018520 /* backButton.png */ = {isa = PBXFileReference; lastKnownFileType = image.png; path = backButton.png; sourceTree = "<group>"; };
		6B9791152798DEB900018520 /* plane.png */ = {isa = PBXFileReference; lastKnownFileType = image.png; path = plane.png; sourceTree = "<group>"; };
		6B9791162798DEB900018520 /* island.png */ = {isa = PBXFileReference; lastKnownFileType = image.png; path = island.png; sourceTree = "<group>"; };
		6B9791172798DEB900018520 /* planeflash2.png */ = {isa = PBXFileReference; lastKnownFileType = image.png; path = planeflash2.png; sourceTree = "<group>"; };
		6B9791182798DEB900018520 /* clickMeButton.png */ = {isa = PBXFileReference; lastKnownFileType = image.png; path = clickMeButton.png; sourceTree = "<group>"; };
		6B9791192798DEB900018520 /* planeflash1.png */ = {isa = PBXFileReference; lastKnownFileType = image.png; path = planeflash1.png; sourceTree = "<group>"; };
		6B97911A2798DEB900018520 /* ocean.png */ = {isa = PBXFileReference; lastKnownFileType = image.png; path = ocean.png; sourceTree = "<group>"; };
		6B97911B2798DEB900018520 /* coin08.png */ = {isa = PBXFileReference; lastKnownFileType = image.png; path = coin08.png; sourceTree = "<group>"; };
		6B97911C2798DEB900018520 /* coin09.png */ = {isa = PBXFileReference; lastKnownFileType = image.png; path = coin09.png; sourceTree = "<group>"; };
		6B97911D2798DEB900018520 /* restartButton.png */ = {isa = PBXFileReference; lastKnownFileType = image.png; path = restartButton.png; sourceTree = "<group>"; };
		6B97911E2798DEB900018520 /* coin10.png */ = {isa = PBXFileReference; lastKnownFileType = image.png; path = coin10.png; sourceTree = "<group>"; };
		6B97911F2798DEB900018520 /* coin04.png */ = {isa = PBXFileReference; lastKnownFileType = image.png; path = coin04.png; sourceTree = "<group>"; };
		6B9791202798DEB900018520 /* smallexplosion4.png */ = {isa = PBXFileReference; lastKnownFileType = image.png; path = smallexplosion4.png; sourceTree = "<group>"; };
		6B9791212798DEB900018520 /* smallexplosion5.png */ = {isa = PBXFileReference; lastKnownFileType = image.png; path = smallexplosion5.png; sourceTree = "<group>"; };
		6B9791222798DEB900018520 /* coin05.png */ = {isa = PBXFileReference; lastKnownFileType = image.png; path = coin05.png; sourceTree = "<group>"; };
		6B9791232798DEB900018520 /* coin07.png */ = {isa = PBXFileReference; lastKnownFileType = image.png; path = coin07.png; sourceTree = "<group>"; };
		6B9791242798DEB900018520 /* smallexplosion6.png */ = {isa = PBXFileReference; lastKnownFileType = image.png; path = smallexplosion6.png; sourceTree = "<group>"; };
		6B9791252798DEB900018520 /* coin06.png */ = {isa = PBXFileReference; lastKnownFileType = image.png; path = coin06.png; sourceTree = "<group>"; };
		6B9791262798DEB900018520 /* cloud.png */ = {isa = PBXFileReference; lastKnownFileType = image.png; path = cloud.png; sourceTree = "<group>"; };
		6B9791272798DEB900018520 /* coin02.png */ = {isa = PBXFileReference; lastKnownFileType = image.png; path = coin02.png; sourceTree = "<group>"; };
		6B9791282798DEB900018520 /* smallexplosion2.png */ = {isa = PBXFileReference; lastKnownFileType = image.png; path = smallexplosion2.png; sourceTree = "<group>"; };
		6B9791292798DEB900018520 /* smallexplosion3.png */ = {isa = PBXFileReference; lastKnownFileType = image.png; path = smallexplosion3.png; sourceTree = "<group>"; };
		6B97912A2798DEB900018520 /* coin03.png */ = {isa = PBXFileReference; lastKnownFileType = image.png; path = coin03.png; sourceTree = "<group>"; };
		6B97912B2798DEB900018520 /* coin01.png */ = {isa = PBXFileReference; lastKnownFileType = image.png; path = coin01.png; sourceTree = "<group>"; };
		6B97912C2798DEB900018520 /* smallexplosion1.png */ = {isa = PBXFileReference; lastKnownFileType = image.png; path = smallexplosion1.png; sourceTree = "<group>"; };
		6B97912D2798DEB900018520 /* nextButton.png */ = {isa = PBXFileReference; lastKnownFileType = image.png; path = nextButton.png; sourceTree = "<group>"; };
		6B97912E2798DEB900018520 /* explosion1.png */ = {isa = PBXFileReference; lastKnownFileType = image.png; path = explosion1.png; sourceTree = "<group>"; };
		6B97912F2798DEB900018520 /* enemy1.png */ = {isa = PBXFileReference; lastKnownFileType = image.png; path = enemy1.png; sourceTree = "<group>"; };
		6B9791302798DEB900018520 /* explosion2.png */ = {isa = PBXFileReference; lastKnownFileType = image.png; path = explosion2.png; sourceTree = "<group>"; };
		6B9791312798DEB900018520 /* enemy3.png */ = {isa = PBXFileReference; lastKnownFileType = image.png; path = enemy3.png; sourceTree = "<group>"; };
		6B9791322798DEB900018520 /* enemy2.png */ = {isa = PBXFileReference; lastKnownFileType = image.png; path = enemy2.png; sourceTree = "<group>"; };
		6B9791332798DEB900018520 /* explosion3.png */ = {isa = PBXFileReference; lastKnownFileType = image.png; path = explosion3.png; sourceTree = "<group>"; };
		6B9791342798DEB900018520 /* explosion7.png */ = {isa = PBXFileReference; lastKnownFileType = image.png; path = explosion7.png; sourceTree = "<group>"; };
		6B9791352798DEB900018520 /* startButton.png */ = {isa = PBXFileReference; lastKnownFileType = image.png; path = startButton.png; sourceTree = "<group>"; };
		6B9791362798DEB900018520 /* explosion6.png */ = {isa = PBXFileReference; lastKnownFileType = image.png; path = explosion6.png; sourceTree = "<group>"; };
		6B9791372798DEB900018520 /* explosion4.png */ = {isa = PBXFileReference; lastKnownFileType = image.png; path = explosion4.png; sourceTree = "<group>"; };
		6B9791382798DEB900018520 /* explosion5.png */ = {isa = PBXFileReference; lastKnownFileType = image.png; path = explosion5.png; sourceTree = "<group>"; };
		6B97913A2798DEB900018520 /* life.wav */ = {isa = PBXFileReference; lastKnownFileType = audio.wav; path = life.wav; sourceTree = "<group>"; };
		6B97913B2798DEB900018520 /* explosion.mp3 */ = {isa = PBXFileReference; lastKnownFileType = audio.mp3; path = explosion.mp3; sourceTree = "<group>"; };
		6B97913C2798DEB900018520 /* thunder.ogg */ = {isa = PBXFileReference; lastKnownFileType = file; path = thunder.ogg; sourceTree = "<group>"; };
		6B97913D2798DEB900018520 /* yay.ogg */ = {isa = PBXFileReference; lastKnownFileType = file; path = yay.ogg; sourceTree = "<group>"; };
		6B97913E2798DEB900018520 /* engine.ogg */ = {isa = PBXFileReference; lastKnownFileType = file; path = engine.ogg; sourceTree = "<group>"; };
		6B97913F2798DEB900018520 /* coin.wav */ = {isa = PBXFileReference; lastKnownFileType = audio.wav; path = coin.wav; sourceTree = "<group>"; };
		6B9791402798DEB900018520 /* bullet.mp3 */ = {isa = PBXFileReference; lastKnownFileType = audio.mp3; path = bullet.mp3; sourceTree = "<group>"; };
		6B9791422798DEB900018520 /* textureAtlas.png */ = {isa = PBXFileReference; lastKnownFileType = image.png; path = textureAtlas.png; sourceTree = "<group>"; };
		6B9791432798DEB900018520 /* textureAtlas.json */ = {isa = PBXFileReference; fileEncoding = 4; lastKnownFileType = text.json; path = textureAtlas.json; sourceTree = "<group>"; };
		6B9791442798DEB900018520 /* MailPilotDemoProject.tps */ = {isa = PBXFileReference; fileEncoding = 4; lastKnownFileType = text.xml; path = MailPilotDemoProject.tps; sourceTree = "<group>"; };
		6B9791462798DEB900018520 /* dock51.woff */ = {isa = PBXFileReference; lastKnownFileType = file; path = dock51.woff; sourceTree = "<group>"; };
		6B9791472798DEB900018520 /* dock51.woff2 */ = {isa = PBXFileReference; lastKnownFileType = file; path = dock51.woff2; sourceTree = "<group>"; };
		6B9791482798DEB900018520 /* Dock51.ttf */ = {isa = PBXFileReference; lastKnownFileType = file; path = Dock51.ttf; sourceTree = "<group>"; };
		6B97917F2798E0D200018520 /* ocean.png */ = {isa = PBXFileReference; lastKnownFileType = image.png; path = ocean.png; sourceTree = "<group>"; };
		6B9791832798E1FE00018520 /* GameObject.swift */ = {isa = PBXFileReference; lastKnownFileType = sourcecode.swift; path = GameObject.swift; sourceTree = "<group>"; };
		6B9791852798E72F00018520 /* GameProtocol.swift */ = {isa = PBXFileReference; lastKnownFileType = sourcecode.swift; path = GameProtocol.swift; sourceTree = "<group>"; };
		6B9791882798EBFE00018520 /* Ocean.swift */ = {isa = PBXFileReference; lastKnownFileType = sourcecode.swift; path = Ocean.swift; sourceTree = "<group>"; };
		6B97918A2798F25700018520 /* Plane.swift */ = {isa = PBXFileReference; lastKnownFileType = sourcecode.swift; path = Plane.swift; sourceTree = "<group>"; };
		6BB7BDAD27A2163600EF7F01 /* Island.swift */ = {isa = PBXFileReference; lastKnownFileType = sourcecode.swift; path = Island.swift; sourceTree = "<group>"; };
		6BB7BDAF27A21F5A00EF7F01 /* Cloud.swift */ = {isa = PBXFileReference; lastKnownFileType = sourcecode.swift; path = Cloud.swift; sourceTree = "<group>"; };
		6BDED373278FAAD600E525AC /* ICE1.app */ = {isa = PBXFileReference; explicitFileType = wrapper.application; includeInIndex = 0; path = ICE1.app; sourceTree = BUILT_PRODUCTS_DIR; };
		6BDED376278FAAD600E525AC /* AppDelegate.swift */ = {isa = PBXFileReference; lastKnownFileType = sourcecode.swift; path = AppDelegate.swift; sourceTree = "<group>"; };
		6BDED378278FAAD700E525AC /* GameScene.sks */ = {isa = PBXFileReference; lastKnownFileType = file.sks; path = GameScene.sks; sourceTree = "<group>"; };
		6BDED37A278FAAD700E525AC /* Actions.sks */ = {isa = PBXFileReference; lastKnownFileType = file.sks; path = Actions.sks; sourceTree = "<group>"; };
		6BDED37C278FAAD700E525AC /* GameScene.swift */ = {isa = PBXFileReference; lastKnownFileType = sourcecode.swift; path = GameScene.swift; sourceTree = "<group>"; };
		6BDED37E278FAAD700E525AC /* GameViewController.swift */ = {isa = PBXFileReference; lastKnownFileType = sourcecode.swift; path = GameViewController.swift; sourceTree = "<group>"; };
		6BDED381278FAAD700E525AC /* Base */ = {isa = PBXFileReference; lastKnownFileType = file.storyboard; name = Base; path = Base.lproj/Main.storyboard; sourceTree = "<group>"; };
		6BDED383278FAAD900E525AC /* Assets.xcassets */ = {isa = PBXFileReference; lastKnownFileType = folder.assetcatalog; path = Assets.xcassets; sourceTree = "<group>"; };
		6BDED386278FAAD900E525AC /* Base */ = {isa = PBXFileReference; lastKnownFileType = file.storyboard; name = Base; path = Base.lproj/LaunchScreen.storyboard; sourceTree = "<group>"; };
/* End PBXFileReference section */

/* Begin PBXFrameworksBuildPhase section */
		6BDED370278FAAD600E525AC /* Frameworks */ = {
			isa = PBXFrameworksBuildPhase;
			buildActionMask = 2147483647;
			files = (
			);
			runOnlyForDeploymentPostprocessing = 0;
		};
/* End PBXFrameworksBuildPhase section */

/* Begin PBXGroup section */
		6B97910E2798DEB900018520 /* Assets */ = {
			isa = PBXGroup;
			children = (
				6B97910F2798DEB900018520 /* images */,
				6B9791392798DEB900018520 /* audio */,
				6B9791412798DEB900018520 /* sprites */,
				6B9791452798DEB900018520 /* fonts */,
			);
			name = Assets;
			path = ../../Assets;
			sourceTree = "<group>";
		};
		6B97910F2798DEB900018520 /* images */ = {
			isa = PBXGroup;
			children = (
				6B9791102798DEB900018520 /* bullet.png */,
				6B9791112798DEB900018520 /* plane3.png */,
				6B9791122798DEB900018520 /* plane2.png */,
				6B9791132798DEB900018520 /* plane1.png */,
				6B9791142798DEB900018520 /* backButton.png */,
				6B9791152798DEB900018520 /* plane.png */,
				6B9791162798DEB900018520 /* island.png */,
				6B9791172798DEB900018520 /* planeflash2.png */,
				6B9791182798DEB900018520 /* clickMeButton.png */,
				6B9791192798DEB900018520 /* planeflash1.png */,
				6B97911A2798DEB900018520 /* ocean.png */,
				6B97911B2798DEB900018520 /* coin08.png */,
				6B97911C2798DEB900018520 /* coin09.png */,
				6B97911D2798DEB900018520 /* restartButton.png */,
				6B97911E2798DEB900018520 /* coin10.png */,
				6B97911F2798DEB900018520 /* coin04.png */,
				6B9791202798DEB900018520 /* smallexplosion4.png */,
				6B9791212798DEB900018520 /* smallexplosion5.png */,
				6B9791222798DEB900018520 /* coin05.png */,
				6B9791232798DEB900018520 /* coin07.png */,
				6B9791242798DEB900018520 /* smallexplosion6.png */,
				6B9791252798DEB900018520 /* coin06.png */,
				6B9791262798DEB900018520 /* cloud.png */,
				6B9791272798DEB900018520 /* coin02.png */,
				6B9791282798DEB900018520 /* smallexplosion2.png */,
				6B9791292798DEB900018520 /* smallexplosion3.png */,
				6B97912A2798DEB900018520 /* coin03.png */,
				6B97912B2798DEB900018520 /* coin01.png */,
				6B97912C2798DEB900018520 /* smallexplosion1.png */,
				6B97912D2798DEB900018520 /* nextButton.png */,
				6B97912E2798DEB900018520 /* explosion1.png */,
				6B97917F2798E0D200018520 /* ocean.png */,
				6B97912F2798DEB900018520 /* enemy1.png */,
				6B9791302798DEB900018520 /* explosion2.png */,
				6B9791312798DEB900018520 /* enemy3.png */,
				6B9791322798DEB900018520 /* enemy2.png */,
				6B9791332798DEB900018520 /* explosion3.png */,
				6B9791342798DEB900018520 /* explosion7.png */,
				6B9791352798DEB900018520 /* startButton.png */,
				6B9791362798DEB900018520 /* explosion6.png */,
				6B9791372798DEB900018520 /* explosion4.png */,
				6B9791382798DEB900018520 /* explosion5.png */,
			);
			path = images;
			sourceTree = "<group>";
		};
		6B9791392798DEB900018520 /* audio */ = {
			isa = PBXGroup;
			children = (
				6B97913A2798DEB900018520 /* life.wav */,
				6B97913B2798DEB900018520 /* explosion.mp3 */,
				6B97913C2798DEB900018520 /* thunder.ogg */,
				6B97913D2798DEB900018520 /* yay.ogg */,
				6B97913E2798DEB900018520 /* engine.ogg */,
				6B97913F2798DEB900018520 /* coin.wav */,
				6B9791402798DEB900018520 /* bullet.mp3 */,
			);
			path = audio;
			sourceTree = "<group>";
		};
		6B9791412798DEB900018520 /* sprites */ = {
			isa = PBXGroup;
			children = (
				6B9791422798DEB900018520 /* textureAtlas.png */,
				6B9791432798DEB900018520 /* textureAtlas.json */,
				6B9791442798DEB900018520 /* MailPilotDemoProject.tps */,
			);
			path = sprites;
			sourceTree = "<group>";
		};
		6B9791452798DEB900018520 /* fonts */ = {
			isa = PBXGroup;
			children = (
				6B9791462798DEB900018520 /* dock51.woff */,
				6B9791472798DEB900018520 /* dock51.woff2 */,
				6B9791482798DEB900018520 /* Dock51.ttf */,
			);
			path = fonts;
			sourceTree = "<group>";
		};
		6B9791822798E1D500018520 /* Core */ = {
			isa = PBXGroup;
			children = (
				6B9791832798E1FE00018520 /* GameObject.swift */,
				6B9791852798E72F00018520 /* GameProtocol.swift */,
			);
			path = Core;
			sourceTree = "<group>";
		};
		6B9791872798EBEC00018520 /* GameObject */ = {
			isa = PBXGroup;
			children = (
				6B9791882798EBFE00018520 /* Ocean.swift */,
				6B97918A2798F25700018520 /* Plane.swift */,
				6BB7BDAD27A2163600EF7F01 /* Island.swift */,
				6BB7BDAF27A21F5A00EF7F01 /* Cloud.swift */,
			);
			path = GameObject;
			sourceTree = "<group>";
		};
		6BDED36A278FAAD600E525AC = {
			isa = PBXGroup;
			children = (
				6B9791872798EBEC00018520 /* GameObject */,
				6B9791822798E1D500018520 /* Core */,
				6BDED375278FAAD600E525AC /* ICE1 */,
				6BDED374278FAAD600E525AC /* Products */,
			);
			sourceTree = "<group>";
		};
		6BDED374278FAAD600E525AC /* Products */ = {
			isa = PBXGroup;
			children = (
				6BDED373278FAAD600E525AC /* ICE1.app */,
			);
			name = Products;
			sourceTree = "<group>";
		};
		6BDED375278FAAD600E525AC /* ICE1 */ = {
			isa = PBXGroup;
			children = (
				6BDED376278FAAD600E525AC /* AppDelegate.swift */,
				6BDED378278FAAD700E525AC /* GameScene.sks */,
				6BDED37A278FAAD700E525AC /* Actions.sks */,
				6BDED37C278FAAD700E525AC /* GameScene.swift */,
				6BDED37E278FAAD700E525AC /* GameViewController.swift */,
				6BDED380278FAAD700E525AC /* Main.storyboard */,
				6BDED383278FAAD900E525AC /* Assets.xcassets */,
				6BDED385278FAAD900E525AC /* LaunchScreen.storyboard */,
				6B97910E2798DEB900018520 /* Assets */,
			);
			path = ICE1;
			sourceTree = "<group>";
		};
/* End PBXGroup section */

/* Begin PBXNativeTarget section */
		6BDED372278FAAD600E525AC /* ICE1 */ = {
			isa = PBXNativeTarget;
			buildConfigurationList = 6BDED38A278FAAD900E525AC /* Build configuration list for PBXNativeTarget "ICE1" */;
			buildPhases = (
				6BDED36F278FAAD600E525AC /* Sources */,
				6BDED370278FAAD600E525AC /* Frameworks */,
				6BDED371278FAAD600E525AC /* Resources */,
			);
			buildRules = (
			);
			dependencies = (
			);
			name = ICE1;
			productName = ICE1;
			productReference = 6BDED373278FAAD600E525AC /* ICE1.app */;
			productType = "com.apple.product-type.application";
		};
/* End PBXNativeTarget section */

/* Begin PBXProject section */
		6BDED36B278FAAD600E525AC /* Project object */ = {
			isa = PBXProject;
			attributes = {
				BuildIndependentTargetsInParallel = 1;
				LastSwiftUpdateCheck = 1320;
				LastUpgradeCheck = 1320;
				TargetAttributes = {
					6BDED372278FAAD600E525AC = {
						CreatedOnToolsVersion = 13.2.1;
					};
				};
			};
			buildConfigurationList = 6BDED36E278FAAD600E525AC /* Build configuration list for PBXProject "ICE1" */;
			compatibilityVersion = "Xcode 13.0";
			developmentRegion = en;
			hasScannedForEncodings = 0;
			knownRegions = (
				en,
				Base,
			);
			mainGroup = 6BDED36A278FAAD600E525AC;
			productRefGroup = 6BDED374278FAAD600E525AC /* Products */;
			projectDirPath = "";
			projectRoot = "";
			targets = (
				6BDED372278FAAD600E525AC /* ICE1 */,
			);
		};
/* End PBXProject section */

/* Begin PBXResourcesBuildPhase section */
		6BDED371278FAAD600E525AC /* Resources */ = {
			isa = PBXResourcesBuildPhase;
			buildActionMask = 2147483647;
			files = (
				6B97915C2798DEB900018520 /* coin07.png in Resources */,
				6B9791712798DEB900018520 /* explosion5.png in Resources */,
				6B9791682798DEB900018520 /* enemy1.png in Resources */,
				6B9791582798DEB900018520 /* coin04.png in Resources */,
				6B9791562798DEB900018520 /* restartButton.png in Resources */,
				6B9791692798DEB900018520 /* explosion2.png in Resources */,
				6B97914F2798DEB900018520 /* island.png in Resources */,
				6B9791622798DEB900018520 /* smallexplosion3.png in Resources */,
				6B97916E2798DEB900018520 /* startButton.png in Resources */,
				6B97917C2798DEB900018520 /* dock51.woff in Resources */,
				6BDED382278FAAD700E525AC /* Main.storyboard in Resources */,
				6B97915A2798DEB900018520 /* smallexplosion5.png in Resources */,
				6B9791722798DEB900018520 /* life.wav in Resources */,
				6B9791732798DEB900018520 /* explosion.mp3 in Resources */,
				6B9791742798DEB900018520 /* thunder.ogg in Resources */,
				6B97914C2798DEB900018520 /* plane1.png in Resources */,
				6B9791532798DEB900018520 /* ocean.png in Resources */,
				6B97916F2798DEB900018520 /* explosion6.png in Resources */,
				6B97916C2798DEB900018520 /* explosion3.png in Resources */,
				6B9791702798DEB900018520 /* explosion4.png in Resources */,
				6B9791652798DEB900018520 /* smallexplosion1.png in Resources */,
				6B9791632798DEB900018520 /* coin03.png in Resources */,
				6B9791502798DEB900018520 /* planeflash2.png in Resources */,
				6B97914D2798DEB900018520 /* backButton.png in Resources */,
				6B97917E2798DEB900018520 /* Dock51.ttf in Resources */,
				6B9791612798DEB900018520 /* smallexplosion2.png in Resources */,
				6B9791542798DEB900018520 /* coin08.png in Resources */,
				6B9791752798DEB900018520 /* yay.ogg in Resources */,
				6B9791552798DEB900018520 /* coin09.png in Resources */,
				6B9791662798DEB900018520 /* nextButton.png in Resources */,
				6B97917D2798DEB900018520 /* dock51.woff2 in Resources */,
				6B9791602798DEB900018520 /* coin02.png in Resources */,
				6B97915D2798DEB900018520 /* smallexplosion6.png in Resources */,
				6B97917A2798DEB900018520 /* textureAtlas.json in Resources */,
				6B97916B2798DEB900018520 /* enemy2.png in Resources */,
				6B97916D2798DEB900018520 /* explosion7.png in Resources */,
				6B97915B2798DEB900018520 /* coin05.png in Resources */,
				6B9791492798DEB900018520 /* bullet.png in Resources */,
				6B9791512798DEB900018520 /* clickMeButton.png in Resources */,
				6B9791592798DEB900018520 /* smallexplosion4.png in Resources */,
				6BDED379278FAAD700E525AC /* GameScene.sks in Resources */,
				6BDED384278FAAD900E525AC /* Assets.xcassets in Resources */,
				6B97915E2798DEB900018520 /* coin06.png in Resources */,
				6B9791792798DEB900018520 /* textureAtlas.png in Resources */,
				6BDED387278FAAD900E525AC /* LaunchScreen.storyboard in Resources */,
				6B9791522798DEB900018520 /* planeflash1.png in Resources */,
				6B9791572798DEB900018520 /* coin10.png in Resources */,
				6B9791782798DEB900018520 /* bullet.mp3 in Resources */,
				6B9791642798DEB900018520 /* coin01.png in Resources */,
				6B9791762798DEB900018520 /* engine.ogg in Resources */,
				6B97915F2798DEB900018520 /* cloud.png in Resources */,
				6B97914A2798DEB900018520 /* plane3.png in Resources */,
				6B97914E2798DEB900018520 /* plane.png in Resources */,
				6B97916A2798DEB900018520 /* enemy3.png in Resources */,
				6BDED37B278FAAD700E525AC /* Actions.sks in Resources */,
				6B97917B2798DEB900018520 /* MailPilotDemoProject.tps in Resources */,
				6B9791772798DEB900018520 /* coin.wav in Resources */,
				6B97914B2798DEB900018520 /* plane2.png in Resources */,
				6B9791672798DEB900018520 /* explosion1.png in Resources */,
			);
			runOnlyForDeploymentPostprocessing = 0;
		};
/* End PBXResourcesBuildPhase section */

/* Begin PBXSourcesBuildPhase section */
		6BDED36F278FAAD600E525AC /* Sources */ = {
			isa = PBXSourcesBuildPhase;
			buildActionMask = 2147483647;
			files = (
				6B9791842798E1FE00018520 /* GameObject.swift in Sources */,
				6BB7BDB027A21F5A00EF7F01 /* Cloud.swift in Sources */,
				6B9791862798E72F00018520 /* GameProtocol.swift in Sources */,
				6BB7BDAE27A2163600EF7F01 /* Island.swift in Sources */,
				6BDED37D278FAAD700E525AC /* GameScene.swift in Sources */,
				6BDED37F278FAAD700E525AC /* GameViewController.swift in Sources */,
				6B9791892798EBFE00018520 /* Ocean.swift in Sources */,
				6BDED377278FAAD600E525AC /* AppDelegate.swift in Sources */,
				6B97918B2798F25700018520 /* Plane.swift in Sources */,
			);
			runOnlyForDeploymentPostprocessing = 0;
		};
/* End PBXSourcesBuildPhase section */

/* Begin PBXVariantGroup section */
		6BDED380278FAAD700E525AC /* Main.storyboard */ = {
			isa = PBXVariantGroup;
			children = (
				6BDED381278FAAD700E525AC /* Base */,
			);
			name = Main.storyboard;
			sourceTree = "<group>";
		};
		6BDED385278FAAD900E525AC /* LaunchScreen.storyboard */ = {
			isa = PBXVariantGroup;
			children = (
				6BDED386278FAAD900E525AC /* Base */,
			);
			name = LaunchScreen.storyboard;
			sourceTree = "<group>";
		};
/* End PBXVariantGroup section */

/* Begin XCBuildConfiguration section */
		6BDED388278FAAD900E525AC /* Debug */ = {
			isa = XCBuildConfiguration;
			buildSettings = {
				ALWAYS_SEARCH_USER_PATHS = NO;
				CLANG_ANALYZER_NONNULL = YES;
				CLANG_ANALYZER_NUMBER_OBJECT_CONVERSION = YES_AGGRESSIVE;
				CLANG_CXX_LANGUAGE_STANDARD = "gnu++17";
				CLANG_CXX_LIBRARY = "libc++";
				CLANG_ENABLE_MODULES = YES;
				CLANG_ENABLE_OBJC_ARC = YES;
				CLANG_ENABLE_OBJC_WEAK = YES;
				CLANG_WARN_BLOCK_CAPTURE_AUTORELEASING = YES;
				CLANG_WARN_BOOL_CONVERSION = YES;
				CLANG_WARN_COMMA = YES;
				CLANG_WARN_CONSTANT_CONVERSION = YES;
				CLANG_WARN_DEPRECATED_OBJC_IMPLEMENTATIONS = YES;
				CLANG_WARN_DIRECT_OBJC_ISA_USAGE = YES_ERROR;
				CLANG_WARN_DOCUMENTATION_COMMENTS = YES;
				CLANG_WARN_EMPTY_BODY = YES;
				CLANG_WARN_ENUM_CONVERSION = YES;
				CLANG_WARN_INFINITE_RECURSION = YES;
				CLANG_WARN_INT_CONVERSION = YES;
				CLANG_WARN_NON_LITERAL_NULL_CONVERSION = YES;
				CLANG_WARN_OBJC_IMPLICIT_RETAIN_SELF = YES;
				CLANG_WARN_OBJC_LITERAL_CONVERSION = YES;
				CLANG_WARN_OBJC_ROOT_CLASS = YES_ERROR;
				CLANG_WARN_QUOTED_INCLUDE_IN_FRAMEWORK_HEADER = YES;
				CLANG_WARN_RANGE_LOOP_ANALYSIS = YES;
				CLANG_WARN_STRICT_PROTOTYPES = YES;
				CLANG_WARN_SUSPICIOUS_MOVE = YES;
				CLANG_WARN_UNGUARDED_AVAILABILITY = YES_AGGRESSIVE;
				CLANG_WARN_UNREACHABLE_CODE = YES;
				CLANG_WARN__DUPLICATE_METHOD_MATCH = YES;
				COPY_PHASE_STRIP = NO;
				DEBUG_INFORMATION_FORMAT = dwarf;
				ENABLE_STRICT_OBJC_MSGSEND = YES;
				ENABLE_TESTABILITY = YES;
				GCC_C_LANGUAGE_STANDARD = gnu11;
				GCC_DYNAMIC_NO_PIC = NO;
				GCC_NO_COMMON_BLOCKS = YES;
				GCC_OPTIMIZATION_LEVEL = 0;
				GCC_PREPROCESSOR_DEFINITIONS = (
					"DEBUG=1",
					"$(inherited)",
				);
				GCC_WARN_64_TO_32_BIT_CONVERSION = YES;
				GCC_WARN_ABOUT_RETURN_TYPE = YES_ERROR;
				GCC_WARN_UNDECLARED_SELECTOR = YES;
				GCC_WARN_UNINITIALIZED_AUTOS = YES_AGGRESSIVE;
				GCC_WARN_UNUSED_FUNCTION = YES;
				GCC_WARN_UNUSED_VARIABLE = YES;
				IPHONEOS_DEPLOYMENT_TARGET = 15.2;
				MTL_ENABLE_DEBUG_INFO = INCLUDE_SOURCE;
				MTL_FAST_MATH = YES;
				ONLY_ACTIVE_ARCH = YES;
				SDKROOT = iphoneos;
				SWIFT_ACTIVE_COMPILATION_CONDITIONS = DEBUG;
				SWIFT_OPTIMIZATION_LEVEL = "-Onone";
			};
			name = Debug;
		};
		6BDED389278FAAD900E525AC /* Release */ = {
			isa = XCBuildConfiguration;
			buildSettings = {
				ALWAYS_SEARCH_USER_PATHS = NO;
				CLANG_ANALYZER_NONNULL = YES;
				CLANG_ANALYZER_NUMBER_OBJECT_CONVERSION = YES_AGGRESSIVE;
				CLANG_CXX_LANGUAGE_STANDARD = "gnu++17";
				CLANG_CXX_LIBRARY = "libc++";
				CLANG_ENABLE_MODULES = YES;
				CLANG_ENABLE_OBJC_ARC = YES;
				CLANG_ENABLE_OBJC_WEAK = YES;
				CLANG_WARN_BLOCK_CAPTURE_AUTORELEASING = YES;
				CLANG_WARN_BOOL_CONVERSION = YES;
				CLANG_WARN_COMMA = YES;
				CLANG_WARN_CONSTANT_CONVERSION = YES;
				CLANG_WARN_DEPRECATED_OBJC_IMPLEMENTATIONS = YES;
				CLANG_WARN_DIRECT_OBJC_ISA_USAGE = YES_ERROR;
				CLANG_WARN_DOCUMENTATION_COMMENTS = YES;
				CLANG_WARN_EMPTY_BODY = YES;
				CLANG_WARN_ENUM_CONVERSION = YES;
				CLANG_WARN_INFINITE_RECURSION = YES;
				CLANG_WARN_INT_CONVERSION = YES;
				CLANG_WARN_NON_LITERAL_NULL_CONVERSION = YES;
				CLANG_WARN_OBJC_IMPLICIT_RETAIN_SELF = YES;
				CLANG_WARN_OBJC_LITERAL_CONVERSION = YES;
				CLANG_WARN_OBJC_ROOT_CLASS = YES_ERROR;
				CLANG_WARN_QUOTED_INCLUDE_IN_FRAMEWORK_HEADER = YES;
				CLANG_WARN_RANGE_LOOP_ANALYSIS = YES;
				CLANG_WARN_STRICT_PROTOTYPES = YES;
				CLANG_WARN_SUSPICIOUS_MOVE = YES;
				CLANG_WARN_UNGUARDED_AVAILABILITY = YES_AGGRESSIVE;
				CLANG_WARN_UNREACHABLE_CODE = YES;
				CLANG_WARN__DUPLICATE_METHOD_MATCH = YES;
				COPY_PHASE_STRIP = NO;
				DEBUG_INFORMATION_FORMAT = "dwarf-with-dsym";
				ENABLE_NS_ASSERTIONS = NO;
				ENABLE_STRICT_OBJC_MSGSEND = YES;
				GCC_C_LANGUAGE_STANDARD = gnu11;
				GCC_NO_COMMON_BLOCKS = YES;
				GCC_WARN_64_TO_32_BIT_CONVERSION = YES;
				GCC_WARN_ABOUT_RETURN_TYPE = YES_ERROR;
				GCC_WARN_UNDECLARED_SELECTOR = YES;
				GCC_WARN_UNINITIALIZED_AUTOS = YES_AGGRESSIVE;
				GCC_WARN_UNUSED_FUNCTION = YES;
				GCC_WARN_UNUSED_VARIABLE = YES;
				IPHONEOS_DEPLOYMENT_TARGET = 15.2;
				MTL_ENABLE_DEBUG_INFO = NO;
				MTL_FAST_MATH = YES;
				SDKROOT = iphoneos;
				SWIFT_COMPILATION_MODE = wholemodule;
				SWIFT_OPTIMIZATION_LEVEL = "-O";
				VALIDATE_PRODUCT = YES;
			};
			name = Release;
		};
		6BDED38B278FAAD900E525AC /* Debug */ = {
			isa = XCBuildConfiguration;
			buildSettings = {
				ASSETCATALOG_COMPILER_APPICON_NAME = AppIcon;
				ASSETCATALOG_COMPILER_GLOBAL_ACCENT_COLOR_NAME = AccentColor;
				CODE_SIGN_STYLE = Automatic;
				CURRENT_PROJECT_VERSION = 1;
				DEVELOPMENT_TEAM = MNX844B76T;
				GENERATE_INFOPLIST_FILE = YES;
				INFOPLIST_KEY_UIApplicationSupportsIndirectInputEvents = YES;
				INFOPLIST_KEY_UILaunchStoryboardName = LaunchScreen;
				INFOPLIST_KEY_UIMainStoryboardFile = Main;
				INFOPLIST_KEY_UIStatusBarHidden = YES;
				INFOPLIST_KEY_UISupportedInterfaceOrientations_iPad = "UIInterfaceOrientationPortrait UIInterfaceOrientationPortraitUpsideDown UIInterfaceOrientationLandscapeLeft UIInterfaceOrientationLandscapeRight";
				INFOPLIST_KEY_UISupportedInterfaceOrientations_iPhone = "UIInterfaceOrientationPortrait UIInterfaceOrientationLandscapeLeft UIInterfaceOrientationLandscapeRight";
				IPHONEOS_DEPLOYMENT_TARGET = 15.2;
				LD_RUNPATH_SEARCH_PATHS = (
					"$(inherited)",
					"@executable_path/Frameworks",
				);
				MARKETING_VERSION = 1.0;
				PRODUCT_BUNDLE_IDENTIFIER = com.carloscifuentes.ICE1;
				PRODUCT_NAME = "$(TARGET_NAME)";
				SWIFT_EMIT_LOC_STRINGS = YES;
				SWIFT_VERSION = 5.0;
				TARGETED_DEVICE_FAMILY = 1;
			};
			name = Debug;
		};
		6BDED38C278FAAD900E525AC /* Release */ = {
			isa = XCBuildConfiguration;
			buildSettings = {
				ASSETCATALOG_COMPILER_APPICON_NAME = AppIcon;
				ASSETCATALOG_COMPILER_GLOBAL_ACCENT_COLOR_NAME = AccentColor;
				CODE_SIGN_STYLE = Automatic;
				CURRENT_PROJECT_VERSION = 1;
				DEVELOPMENT_TEAM = MNX844B76T;
				GENERATE_INFOPLIST_FILE = YES;
				INFOPLIST_KEY_UIApplicationSupportsIndirectInputEvents = YES;
				INFOPLIST_KEY_UILaunchStoryboardName = LaunchScreen;
				INFOPLIST_KEY_UIMainStoryboardFile = Main;
				INFOPLIST_KEY_UIStatusBarHidden = YES;
				INFOPLIST_KEY_UISupportedInterfaceOrientations_iPad = "UIInterfaceOrientationPortrait UIInterfaceOrientationPortraitUpsideDown UIInterfaceOrientationLandscapeLeft UIInterfaceOrientationLandscapeRight";
				INFOPLIST_KEY_UISupportedInterfaceOrientations_iPhone = "UIInterfaceOrientationPortrait UIInterfaceOrientationLandscapeLeft UIInterfaceOrientationLandscapeRight";
				IPHONEOS_DEPLOYMENT_TARGET = 15.2;
				LD_RUNPATH_SEARCH_PATHS = (
					"$(inherited)",
					"@executable_path/Frameworks",
				);
				MARKETING_VERSION = 1.0;
				PRODUCT_BUNDLE_IDENTIFIER = com.carloscifuentes.ICE1;
				PRODUCT_NAME = "$(TARGET_NAME)";
				SWIFT_EMIT_LOC_STRINGS = YES;
				SWIFT_VERSION = 5.0;
				TARGETED_DEVICE_FAMILY = 1;
			};
			name = Release;
		};
/* End XCBuildConfiguration section */

/* Begin XCConfigurationList section */
		6BDED36E278FAAD600E525AC /* Build configuration list for PBXProject "ICE1" */ = {
			isa = XCConfigurationList;
			buildConfigurations = (
				6BDED388278FAAD900E525AC /* Debug */,
				6BDED389278FAAD900E525AC /* Release */,
			);
			defaultConfigurationIsVisible = 0;
			defaultConfigurationName = Release;
		};
		6BDED38A278FAAD900E525AC /* Build configuration list for PBXNativeTarget "ICE1" */ = {
			isa = XCConfigurationList;
			buildConfigurations = (
				6BDED38B278FAAD900E525AC /* Debug */,
				6BDED38C278FAAD900E525AC /* Release */,
			);
			defaultConfigurationIsVisible = 0;
			defaultConfigurationName = Release;
		};
/* End XCConfigurationList section */
	};
	rootObject = 6BDED36B278FAAD600E525AC /* Project object */;
}
